
Microsoft Visual Studio Solution File, Format Version 12.00
# Visual Studio 2012
Project("{262852C6-CD72-467D-83FE-5EEB1973A190}") = "IQ Xbox One Sample App", "MediaPlayer_AdvancedCustomization\IQ Xbox One Sample App.jsproj", "{6DA58EEA-64A1-4C2A-8B18-47166544720D}"
EndProject
Global
	GlobalSection(SolutionConfigurationPlatforms) = preSolution
		Debug|Any CPU = Debug|Any CPU
		Debug|ARM = Debug|ARM
		Debug|Durango = Debug|Durango
		Debug|Mixed Platforms = Debug|Mixed Platforms
		Debug|x64 = Debug|x64
		Debug|x86 = Debug|x86
		Release|Any CPU = Release|Any CPU
		Release|ARM = Release|ARM
		Release|Durango = Release|Durango
		Release|Mixed Platforms = Release|Mixed Platforms
		Release|x64 = Release|x64
		Release|x86 = Release|x86
	EndGlobalSection
	GlobalSection(ProjectConfigurationPlatforms) = postSolution
		{6DA58EEA-64A1-4C2A-8B18-47166544720D}.Debug|Any CPU.ActiveCfg = Debug|Durango
		{6DA58EEA-64A1-4C2A-8B18-47166544720D}.Debug|ARM.ActiveCfg = Debug|Durango
		{6DA58EEA-64A1-4C2A-8B18-47166544720D}.Debug|Durango.ActiveCfg = Debug|Durango
		{6DA58EEA-64A1-4C2A-8B18-47166544720D}.Debug|Durango.Build.0 = Debug|Durango
		{6DA58EEA-64A1-4C2A-8B18-47166544720D}.Debug|Durango.Deploy.0 = Debug|Durango
		{6DA58EEA-64A1-4C2A-8B18-47166544720D}.Debug|Mixed Platforms.ActiveCfg = Debug|Durango
		{6DA58EEA-64A1-4C2A-8B18-47166544720D}.Debug|Mixed Platforms.Build.0 = Debug|Durango
		{6DA58EEA-64A1-4C2A-8B18-47166544720D}.Debug|x64.ActiveCfg = Debug|Durango
		{6DA58EEA-64A1-4C2A-8B18-47166544720D}.Debug|x86.ActiveCfg = Debug|Durango
		{6DA58EEA-64A1-4C2A-8B18-47166544720D}.Release|Any CPU.ActiveCfg = Release|Durango
		{6DA58EEA-64A1-4C2A-8B18-47166544720D}.Release|ARM.ActiveCfg = Release|Durango
		{6DA58EEA-64A1-4C2A-8B18-47166544720D}.Release|Durango.ActiveCfg = Release|Durango
		{6DA58EEA-64A1-4C2A-8B18-47166544720D}.Release|Durango.Build.0 = Release|Durango
		{6DA58EEA-64A1-4C2A-8B18-47166544720D}.Release|Durango.Deploy.0 = Release|Durango
		{6DA58EEA-64A1-4C2A-8B18-47166544720D}.Release|Mixed Platforms.ActiveCfg = Release|Durango
		{6DA58EEA-64A1-4C2A-8B18-47166544720D}.Release|Mixed Platforms.Build.0 = Release|Durango
		{6DA58EEA-64A1-4C2A-8B18-47166544720D}.Release|x64.ActiveCfg = Release|Durango
		{6DA58EEA-64A1-4C2A-8B18-47166544720D}.Release|x86.ActiveCfg = Release|Durango
	EndGlobalSection
	GlobalSection(SolutionProperties) = preSolution
		HideSolutionNode = FALSE
	EndGlobalSection
EndGlobal
